// !$*UTF8*$!
{
	archiveVersion = 1;
	classes = {
	};
	objectVersion = 46;
	objects = {

/* Begin PBXBuildFile section */
		56E9F0F414312693006DC402 /* UIKit.framework in Frameworks */ = {isa = PBXBuildFile; fileRef = 56E9F0F314312692006DC402 /* UIKit.framework */; };
		56E9F0F614312693006DC402 /* Foundation.framework in Frameworks */ = {isa = PBXBuildFile; fileRef = 56E9F0F514312693006DC402 /* Foundation.framework */; };
		56E9F0F814312693006DC402 /* CoreGraphics.framework in Frameworks */ = {isa = PBXBuildFile; fileRef = 56E9F0F714312693006DC402 /* CoreGraphics.framework */; };
		56E9F0FA14312693006DC402 /* CoreData.framework in Frameworks */ = {isa = PBXBuildFile; fileRef = 56E9F0F914312693006DC402 /* CoreData.framework */; };
		56E9F10014312693006DC402 /* InfoPlist.strings in Resources */ = {isa = PBXBuildFile; fileRef = 56E9F0FE14312693006DC402 /* InfoPlist.strings */; };
		56E9F10214312693006DC402 /* main.m in Sources */ = {isa = PBXBuildFile; fileRef = 56E9F10114312693006DC402 /* main.m */; };
		56E9F10614312693006DC402 /* MyCSUFappAppDelegate.m in Sources */ = {isa = PBXBuildFile; fileRef = 56E9F10514312693006DC402 /* MyCSUFappAppDelegate.m */; };
		56E9F10914312693006DC402 /* MainWindow.xib in Resources */ = {isa = PBXBuildFile; fileRef = 56E9F10714312693006DC402 /* MainWindow.xib */; };
		56E9F10C14312693006DC402 /* MyCSUFapp.xcdatamodeld in Sources */ = {isa = PBXBuildFile; fileRef = 56E9F10A14312693006DC402 /* MyCSUFapp.xcdatamodeld */; };
/* End PBXBuildFile section */

/* Begin PBXFileReference section */
		56E9F0EF14312692006DC402 /* MyCSUFapp.app */ = {isa = PBXFileReference; explicitFileType = wrapper.application; includeInIndex = 0; path = MyCSUFapp.app; sourceTree = BUILT_PRODUCTS_DIR; };
		56E9F0F314312692006DC402 /* UIKit.framework */ = {isa = PBXFileReference; lastKnownFileType = wrapper.framework; name = UIKit.framework; path = System/Library/Frameworks/UIKit.framework; sourceTree = SDKROOT; };
		56E9F0F514312693006DC402 /* Foundation.framework */ = {isa = PBXFileReference; lastKnownFileType = wrapper.framework; name = Foundation.framework; path = System/Library/Frameworks/Foundation.framework; sourceTree = SDKROOT; };
		56E9F0F714312693006DC402 /* CoreGraphics.framework */ = {isa = PBXFileReference; lastKnownFileType = wrapper.framework; name = CoreGraphics.framework; path = System/Library/Frameworks/CoreGraphics.framework; sourceTree = SDKROOT; };
		56E9F0F914312693006DC402 /* CoreData.framework */ = {isa = PBXFileReference; lastKnownFileType = wrapper.framework; name = CoreData.framework; path = System/Library/Frameworks/CoreData.framework; sourceTree = SDKROOT; };
		56E9F0FD14312693006DC402 /* MyCSUFapp-Info.plist */ = {isa = PBXFileReference; lastKnownFileType = text.plist.xml; path = "MyCSUFapp-Info.plist"; sourceTree = "<group>"; };
		56E9F0FF14312693006DC402 /* en */ = {isa = PBXFileReference; lastKnownFileType = text.plist.strings; name = en; path = en.lproj/InfoPlist.strings; sourceTree = "<group>"; };
		56E9F10114312693006DC402 /* main.m */ = {isa = PBXFileReference; lastKnownFileType = sourcecode.c.objc; path = main.m; sourceTree = "<group>"; };
		56E9F10314312693006DC402 /* MyCSUFapp-Prefix.pch */ = {isa = PBXFileReference; lastKnownFileType = sourcecode.c.h; path = "MyCSUFapp-Prefix.pch"; sourceTree = "<group>"; };
		56E9F10414312693006DC402 /* MyCSUFappAppDelegate.h */ = {isa = PBXFileReference; lastKnownFileType = sourcecode.c.h; path = MyCSUFappAppDelegate.h; sourceTree = "<group>"; };
		56E9F10514312693006DC402 /* MyCSUFappAppDelegate.m */ = {isa = PBXFileReference; lastKnownFileType = sourcecode.c.objc; path = MyCSUFappAppDelegate.m; sourceTree = "<group>"; };
		56E9F10814312693006DC402 /* en */ = {isa = PBXFileReference; lastKnownFileType = file.xib; name = en; path = en.lproj/MainWindow.xib; sourceTree = "<group>"; };
		56E9F10B14312693006DC402 /* MyCSUFapp.xcdatamodel */ = {isa = PBXFileReference; lastKnownFileType = wrapper.xcdatamodel; path = MyCSUFapp.xcdatamodel; sourceTree = "<group>"; };
/* End PBXFileReference section */

/* Begin PBXFrameworksBuildPhase section */
		56E9F0EC14312692006DC402 /* Frameworks */ = {
			isa = PBXFrameworksBuildPhase;
			buildActionMask = 2147483647;
			files = (
				56E9F0F414312693006DC402 /* UIKit.framework in Frameworks */,
				56E9F0F614312693006DC402 /* Foundation.framework in Frameworks */,
				56E9F0F814312693006DC402 /* CoreGraphics.framework in Frameworks */,
				56E9F0FA14312693006DC402 /* CoreData.framework in Frameworks */,
			);
			runOnlyForDeploymentPostprocessing = 0;
		};
/* End PBXFrameworksBuildPhase section */

/* Begin PBXGroup section */
		56E9F0E414312692006DC402 = {
			isa = PBXGroup;
			children = (
				56E9F0FB14312693006DC402 /* MyCSUFapp */,
				56E9F0F214312692006DC402 /* Frameworks */,
				56E9F0F014312692006DC402 /* Products */,
			);
			sourceTree = "<group>";
		};
		56E9F0F014312692006DC402 /* Products */ = {
			isa = PBXGroup;
			children = (
				56E9F0EF14312692006DC402 /* MyCSUFapp.app */,
			);
			name = Products;
			sourceTree = "<group>";
		};
		56E9F0F214312692006DC402 /* Frameworks */ = {
			isa = PBXGroup;
			children = (
				56E9F0F314312692006DC402 /* UIKit.framework */,
				56E9F0F514312693006DC402 /* Foundation.framework */,
				56E9F0F714312693006DC402 /* CoreGraphics.framework */,
				56E9F0F914312693006DC402 /* CoreData.framework */,
			);
			name = Frameworks;
			sourceTree = "<group>";
		};
		56E9F0FB14312693006DC402 /* MyCSUFapp */ = {
			isa = PBXGroup;
			children = (
				56E9F10414312693006DC402 /* MyCSUFappAppDelegate.h */,
				56E9F10514312693006DC402 /* MyCSUFappAppDelegate.m */,
				56E9F10714312693006DC402 /* MainWindow.xib */,
				56E9F10A14312693006DC402 /* MyCSUFapp.xcdatamodeld */,
				56E9F0FC14312693006DC402 /* Supporting Files */,
			);
			path = MyCSUFapp;
			sourceTree = "<group>";
		};
		56E9F0FC14312693006DC402 /* Supporting Files */ = {
			isa = PBXGroup;
			children = (
				56E9F0FD14312693006DC402 /* MyCSUFapp-Info.plist */,
				56E9F0FE14312693006DC402 /* InfoPlist.strings */,
				56E9F10114312693006DC402 /* main.m */,
				56E9F10314312693006DC402 /* MyCSUFapp-Prefix.pch */,
			);
			name = "Supporting Files";
			sourceTree = "<group>";
		};
/* End PBXGroup section */

/* Begin PBXNativeTarget section */
		56E9F0EE14312692006DC402 /* MyCSUFapp */ = {
			isa = PBXNativeTarget;
			buildConfigurationList = 56E9F10F14312693006DC402 /* Build configuration list for PBXNativeTarget "MyCSUFapp" */;
			buildPhases = (
				56E9F0EB14312692006DC402 /* Sources */,
				56E9F0EC14312692006DC402 /* Frameworks */,
				56E9F0ED14312692006DC402 /* Resources */,
			);
			buildRules = (
			);
			dependencies = (
			);
			name = MyCSUFapp;
			productName = MyCSUFapp;
			productReference = 56E9F0EF14312692006DC402 /* MyCSUFapp.app */;
			productType = "com.apple.product-type.application";
		};
/* End PBXNativeTarget section */

/* Begin PBXProject section */
		56E9F0E614312692006DC402 /* Project object */ = {
			isa = PBXProject;
			buildConfigurationList = 56E9F0E914312692006DC402 /* Build configuration list for PBXProject "MyCSUFapp" */;
			compatibilityVersion = "Xcode 3.2";
			developmentRegion = English;
			hasScannedForEncodings = 0;
			knownRegions = (
				en,
			);
			mainGroup = 56E9F0E414312692006DC402;
			productRefGroup = 56E9F0F014312692006DC402 /* Products */;
			projectDirPath = "";
			projectRoot = "";
			targets = (
				56E9F0EE14312692006DC402 /* MyCSUFapp */,
			);
		};
/* End PBXProject section */

/* Begin PBXResourcesBuildPhase section */
		56E9F0ED14312692006DC402 /* Resources */ = {
			isa = PBXResourcesBuildPhase;
			buildActionMask = 2147483647;
			files = (
				56E9F10014312693006DC402 /* InfoPlist.strings in Resources */,
				56E9F10914312693006DC402 /* MainWindow.xib in Resources */,
			);
			runOnlyForDeploymentPostprocessing = 0;
		};
/* End PBXResourcesBuildPhase section */

/* Begin PBXSourcesBuildPhase section */
		56E9F0EB14312692006DC402 /* Sources */ = {
			isa = PBXSourcesBuildPhase;
			buildActionMask = 2147483647;
			files = (
				56E9F10214312693006DC402 /* main.m in Sources */,
				56E9F10614312693006DC402 /* MyCSUFappAppDelegate.m in Sources */,
				56E9F10C14312693006DC402 /* MyCSUFapp.xcdatamodeld in Sources */,
			);
			runOnlyForDeploymentPostprocessing = 0;
		};
/* End PBXSourcesBuildPhase section */

/* Begin PBXVariantGroup section */
		56E9F0FE14312693006DC402 /* InfoPlist.strings */ = {
			isa = PBXVariantGroup;
			children = (
				56E9F0FF14312693006DC402 /* en */,
			);
			name = InfoPlist.strings;
			sourceTree = "<group>";
		};
		56E9F10714312693006DC402 /* MainWindow.xib */ = {
			isa = PBXVariantGroup;
			children = (
				56E9F10814312693006DC402 /* en */,
			);
			name = MainWindow.xib;
			sourceTree = "<group>";
		};
/* End PBXVariantGroup section */

/* Begin XCBuildConfiguration section */
		56E9F10D14312693006DC402 /* Debug */ = {
			isa = XCBuildConfiguration;
			buildSettings = {
				ALWAYS_SEARCH_USER_PATHS = NO;
				ARCHS = "$(ARCHS_STANDARD_32_BIT)";
				"CODE_SIGN_IDENTITY[sdk=iphoneos*]" = "iPhone Developer";
				COPY_PHASE_STRIP = NO;
				GCC_C_LANGUAGE_STANDARD = gnu99;
				GCC_DYNAMIC_NO_PIC = NO;
				GCC_OPTIMIZATION_LEVEL = 0;
				GCC_PREPROCESSOR_DEFINITIONS = (
					"DEBUG=1",
					"$(inherited)",
				);
				GCC_SYMBOLS_PRIVATE_EXTERN = NO;
				GCC_VERSION = com.apple.compilers.llvmgcc42;
				GCC_WARN_ABOUT_MISSING_PROTOTYPES = YES;
				GCC_WARN_ABOUT_RETURN_TYPE = YES;
				GCC_WARN_UNUSED_VARIABLE = YES;
				IPHONEOS_DEPLOYMENT_TARGET = 4.3;
				SDKROOT = iphoneos;
			};
			name = Debug;
		};
		56E9F10E14312693006DC402 /* Release */ = {
			isa = XCBuildConfiguration;
			buildSettings = {
				ALWAYS_SEARCH_USER_PATHS = NO;
				ARCHS = "$(ARCHS_STANDARD_32_BIT)";
				"CODE_SIGN_IDENTITY[sdk=iphoneos*]" = "iPhone Developer";
				COPY_PHASE_STRIP = YES;
				GCC_C_LANGUAGE_STANDARD = gnu99;
				GCC_VERSION = com.apple.compilers.llvmgcc42;
				GCC_WARN_ABOUT_MISSING_PROTOTYPES = YES;
				GCC_WARN_ABOUT_RETURN_TYPE = YES;
				GCC_WARN_UNUSED_VARIABLE = YES;
				IPHONEOS_DEPLOYMENT_TARGET = 4.3;
				OTHER_CFLAGS = "-DNS_BLOCK_ASSERTIONS=1";
				SDKROOT = iphoneos;
				VALIDATE_PRODUCT = YES;
			};
			name = Release;
		};
		56E9F11014312693006DC402 /* Debug */ = {
			isa = XCBuildConfiguration;
			buildSettings = {
				GCC_PRECOMPILE_PREFIX_HEADER = YES;
				GCC_PREFIX_HEADER = "MyCSUFapp/MyCSUFapp-Prefix.pch";
				INFOPLIST_FILE = "MyCSUFapp/MyCSUFapp-Info.plist";
				PRODUCT_NAME = "$(TARGET_NAME)";
				WRAPPER_EXTENSION = app;
			};
			name = Debug;
		};
		56E9F11114312693006DC402 /* Release */ = {
			isa = XCBuildConfiguration;
			buildSettings = {
				GCC_PRECOMPILE_PREFIX_HEADER = YES;
				GCC_PREFIX_HEADER = "MyCSUFapp/MyCSUFapp-Prefix.pch";
				INFOPLIST_FILE = "MyCSUFapp/MyCSUFapp-Info.plist";
				PRODUCT_NAME = "$(TARGET_NAME)";
				WRAPPER_EXTENSION = app;
			};
			name = Release;
		};
/* End XCBuildConfiguration section */

/* Begin XCConfigurationList section */
		56E9F0E914312692006DC402 /* Build configuration list for PBXProject "MyCSUFapp" */ = {
			isa = XCConfigurationList;
			buildConfigurations = (
				56E9F10D14312693006DC402 /* Debug */,
				56E9F10E14312693006DC402 /* Release */,
			);
			defaultConfigurationIsVisible = 0;
			defaultConfigurationName = Release;
		};
		56E9F10F14312693006DC402 /* Build configuration list for PBXNativeTarget "MyCSUFapp" */ = {
			isa = XCConfigurationList;
			buildConfigurations = (
				56E9F11014312693006DC402 /* Debug */,
				56E9F11114312693006DC402 /* Release */,
			);
			defaultConfigurationIsVisible = 0;
		};
/* End XCConfigurationList section */

/* Begin XCVersionGroup section */
		56E9F10A14312693006DC402 /* MyCSUFapp.xcdatamodeld */ = {
			isa = XCVersionGroup;
			children = (
				56E9F10B14312693006DC402 /* MyCSUFapp.xcdatamodel */,
			);
			currentVersion = 56E9F10B14312693006DC402 /* MyCSUFapp.xcdatamodel */;
			path = MyCSUFapp.xcdatamodeld;
			sourceTree = "<group>";
			versionGroupType = wrapper.xcdatamodel;
		};
/* End XCVersionGroup section */
	};
	rootObject = 56E9F0E614312692006DC402 /* Project object */;
}
